github.com/hypebeast/go-osc v0.0.0-20170205175741-592fa95c06c9 h1:q45hj9cfKea4oOe4XqHrEDs4b8rsdhbahRND83GiBdk=
github.com/hypebeast/go-osc v0.0.0-20170205175741-592fa95c06c9/go.mod h1:VCiuhv+/+jPFqHeZAgVC61Cr4drPso5XEEKmEiqCsuU=
github.com/pkg/errors v0.8.0 h1:WdK/asTD0HN+q6hsWO3/vpuAkAr+tw6aNJNDFFf0+qw=
github.com/pkg/errors v0.8.0/go.mod h1:bwawxfHBFNV+L2hUp1rHADufV3IMtnDRdf1r5NINEl0=
github.com/rakyll/portmidi v0.0.0-20170716032345-1246dd47c560 h1:LxQoLCD5lQzG48j4BYI6CnKNSbnXAL5KL1oZfempXcE=
github.com/rakyll/portmidi v0.0.0-20170716032345-1246dd47c560/go.mod h1:tO1ylmFo6+hnYFvj/fd92q30wkNQwgWC/8mcHq0KkQU=
gopkg.in/check.v1 v0.0.0-20161208181325-20d25e280405/go.mod h1:Co6ibVJAznAaIkqp8huTwlJQCZ016jof/cbN4VW5Yz0=
gopkg.in/yaml.v2 v2.2.1 h1:mUhvW9EsL+naU5Q3cakzfE91YhliOondGd6ZrsDBHQE=
gopkg.in/yaml.v2 v2.2.1/go.mod h1:hI93XBmqTisBFMUTm0b8Fm+jr3Dg1NNxqwp+5A1VGuI=
